
Microsoft Visual Studio Solution File, Format Version 12.00
# Visual Studio Version 16
VisualStudioVersion = 16.0.32407.337
MinimumVisualStudioVersion = 10.0.40219.1
Project("{FAE04EC0-301F-11D3-BF4B-00C04F79EFBC}") = "BleedGoat.Utilities", "BleedGoat.Utilities\BleedGoat.Utilities.csproj", "{1A94D3A8-A00D-4F25-BBBB-27D3834E820C}"
EndProject
Global
	GlobalSection(SolutionConfigurationPlatforms) = preSolution
		Debug|Any CPU = Debug|Any CPU
		Release|Any CPU = Release|Any CPU
	EndGlobalSection
	GlobalSection(ProjectConfigurationPlatforms) = postSolution
		{1A94D3A8-A00D-4F25-BBBB-27D3834E820C}.Debug|Any CPU.ActiveCfg = Debug|Any CPU
		{1A94D3A8-A00D-4F25-BBBB-27D3834E820C}.Debug|Any CPU.Build.0 = Debug|Any CPU
		{1A94D3A8-A00D-4F25-BBBB-27D3834E820C}.Release|Any CPU.ActiveCfg = Release|Any CPU
		{1A94D3A8-A00D-4F25-BBBB-27D3834E820C}.Release|Any CPU.Build.0 = Release|Any CPU
	EndGlobalSection
	GlobalSection(SolutionProperties) = preSolution
		HideSolutionNode = FALSE
	EndGlobalSection
	GlobalSection(ExtensibilityGlobals) = postSolution
		SolutionGuid = {DAB99D40-46C2-4E49-827A-D830D6714C18}
	EndGlobalSection
EndGlobal
